
Microsoft Visual Studio Solution File, Format Version 12.00
# Visual Studio Version 16
VisualStudioVersion = 16.0.31911.196
MinimumVisualStudioVersion = 10.0.40219.1
Project("{D954291E-2A0B-460D-934E-DC6B0785DB48}") = "AbsoluteLayoutSample.Shared", "AbsoluteLayoutSample.Shared\AbsoluteLayoutSample.Shared.shproj", "{6279C845-92F8-4333-AB99-3D213163593C}"
EndProject
Project("{2150E333-8FDC-42A3-9474-1A3956D46DE8}") = "Platforms", "Platforms", "{17B69A17-917C-447B-B21F-8AC7F4D4977B}"
EndProject
Project("{FAE04EC0-301F-11D3-BF4B-00C04F79EFBC}") = "AbsoluteLayoutSample.Droid", "AbsoluteLayoutSample.Droid\AbsoluteLayoutSample.Droid.csproj", "{455D8B94-2042-4392-81F6-BE65EF1934A8}"
EndProject
Project("{FAE04EC0-301F-11D3-BF4B-00C04F79EFBC}") = "AbsoluteLayoutSample.iOS", "AbsoluteLayoutSample.iOS\AbsoluteLayoutSample.iOS.csproj", "{50F1C6A1-48C2-4291-BEB8-D480EAB0D3E2}"
EndProject
Project("{FAE04EC0-301F-11D3-BF4B-00C04F79EFBC}") = "AbsoluteLayoutSample.UWP", "AbsoluteLayoutSample.UWP\AbsoluteLayoutSample.UWP.csproj", "{7BF88A4F-7964-401E-B468-E89FBECC1040}"
EndProject
Global
	GlobalSection(SharedMSBuildProjectFiles) = preSolution
		AbsoluteLayoutSample.Shared\AbsoluteLayoutSample.Shared.projitems*{455d8b94-2042-4392-81f6-be65ef1934a8}*SharedItemsImports = 4
		AbsoluteLayoutSample.Shared\AbsoluteLayoutSample.Shared.projitems*{50f1c6a1-48c2-4291-beb8-d480eab0d3e2}*SharedItemsImports = 4
		AbsoluteLayoutSample.Shared\AbsoluteLayoutSample.Shared.projitems*{6279c845-92f8-4333-ab99-3d213163593c}*SharedItemsImports = 13
		AbsoluteLayoutSample.Shared\AbsoluteLayoutSample.Shared.projitems*{7bf88a4f-7964-401e-b468-e89fbecc1040}*SharedItemsImports = 4
	EndGlobalSection
	GlobalSection(SolutionConfigurationPlatforms) = preSolution
		Ad-Hoc|Any CPU = Ad-Hoc|Any CPU
		Ad-Hoc|ARM = Ad-Hoc|ARM
		Ad-Hoc|ARM64 = Ad-Hoc|ARM64
		Ad-Hoc|iPhone = Ad-Hoc|iPhone
		Ad-Hoc|iPhoneSimulator = Ad-Hoc|iPhoneSimulator
		Ad-Hoc|x64 = Ad-Hoc|x64
		Ad-Hoc|x86 = Ad-Hoc|x86
		AppStore|Any CPU = AppStore|Any CPU
		AppStore|ARM = AppStore|ARM
		AppStore|ARM64 = AppStore|ARM64
		AppStore|iPhone = AppStore|iPhone
		AppStore|iPhoneSimulator = AppStore|iPhoneSimulator
		AppStore|x64 = AppStore|x64
		AppStore|x86 = AppStore|x86
		Debug|Any CPU = Debug|Any CPU
		Debug|ARM = Debug|ARM
		Debug|ARM64 = Debug|ARM64
		Debug|iPhone = Debug|iPhone
		Debug|iPhoneSimulator = Debug|iPhoneSimulator
		Debug|x64 = Debug|x64
		Debug|x86 = Debug|x86
		Release|Any CPU = Release|Any CPU
		Release|ARM = Release|ARM
		Release|ARM64 = Release|ARM64
		Release|iPhone = Release|iPhone
		Release|iPhoneSimulator = Release|iPhoneSimulator
		Release|x64 = Release|x64
		Release|x86 = Release|x86
	EndGlobalSection
	GlobalSection(ProjectConfigurationPlatforms) = postSolution
		{455D8B94-2042-4392-81F6-BE65EF1934A8}.Ad-Hoc|Any CPU.ActiveCfg = Debug|Any CPU
		{455D8B94-2042-4392-81F6-BE65EF1934A8}.Ad-Hoc|Any CPU.Build.0 = Debug|Any CPU
		{455D8B94-2042-4392-81F6-BE65EF1934A8}.Ad-Hoc|Any CPU.Deploy.0 = Debug|Any CPU
		{455D8B94-2042-4392-81F6-BE65EF1934A8}.Ad-Hoc|ARM.ActiveCfg = Debug|Any CPU
		{455D8B94-2042-4392-81F6-BE65EF1934A8}.Ad-Hoc|ARM.Build.0 = Debug|Any CPU
		{455D8B94-2042-4392-81F6-BE65EF1934A8}.Ad-Hoc|ARM.Deploy.0 = Debug|Any CPU
		{455D8B94-2042-4392-81F6-BE65EF1934A8}.Ad-Hoc|ARM64.ActiveCfg = Debug|Any CPU
		{455D8B94-2042-4392-81F6-BE65EF1934A8}.Ad-Hoc|ARM64.Build.0 = Debug|Any CPU
		{455D8B94-2042-4392-81F6-BE65EF1934A8}.Ad-Hoc|ARM64.Deploy.0 = Debug|Any CPU
		{455D8B94-2042-4392-81F6-BE65EF1934A8}.Ad-Hoc|iPhone.ActiveCfg = Debug|Any CPU
		{455D8B94-2042-4392-81F6-BE65EF1934A8}.Ad-Hoc|iPhone.Build.0 = Debug|Any CPU
		{455D8B94-2042-4392-81F6-BE65EF1934A8}.Ad-Hoc|iPhone.Deploy.0 = Debug|Any CPU
		{455D8B94-2042-4392-81F6-BE65EF1934A8}.Ad-Hoc|iPhoneSimulator.ActiveCfg = Debug|Any CPU
		{455D8B94-2042-4392-81F6-BE65EF1934A8}.Ad-Hoc|iPhoneSimulator.Build.0 = Debug|Any CPU
		{455D8B94-2042-4392-81F6-BE65EF1934A8}.Ad-Hoc|iPhoneSimulator.Deploy.0 = Debug|Any CPU
		{455D8B94-2042-4392-81F6-BE65EF1934A8}.Ad-Hoc|x64.ActiveCfg = Debug|Any CPU
		{455D8B94-2042-4392-81F6-BE65EF1934A8}.Ad-Hoc|x64.Build.0 = Debug|Any CPU
		{455D8B94-2042-4392-81F6-BE65EF1934A8}.Ad-Hoc|x64.Deploy.0 = Debug|Any CPU
		{455D8B94-2042-4392-81F6-BE65EF1934A8}.Ad-Hoc|x86.ActiveCfg = Debug|Any CPU
		{455D8B94-2042-4392-81F6-BE65EF1934A8}.Ad-Hoc|x86.Build.0 = Debug|Any CPU
		{455D8B94-2042-4392-81F6-BE65EF1934A8}.Ad-Hoc|x86.Deploy.0 = Debug|Any CPU
		{455D8B94-2042-4392-81F6-BE65EF1934A8}.AppStore|Any CPU.ActiveCfg = Debug|Any CPU
		{455D8B94-2042-4392-81F6-BE65EF1934A8}.AppStore|Any CPU.Build.0 = Debug|Any CPU
		{455D8B94-2042-4392-81F6-BE65EF1934A8}.AppStore|Any CPU.Deploy.0 = Debug|Any CPU
		{455D8B94-2042-4392-81F6-BE65EF1934A8}.AppStore|ARM.ActiveCfg = Debug|Any CPU
		{455D8B94-2042-4392-81F6-BE65EF1934A8}.AppStore|ARM.Build.0 = Debug|Any CPU
		{455D8B94-2042-4392-81F6-BE65EF1934A8}.AppStore|ARM.Deploy.0 = Debug|Any CPU
		{455D8B94-2042-4392-81F6-BE65EF1934A8}.AppStore|ARM64.ActiveCfg = Debug|Any CPU
		{455D8B94-2042-4392-81F6-BE65EF1934A8}.AppStore|ARM64.Build.0 = Debug|Any CPU
		{455D8B94-2042-4392-81F6-BE65EF1934A8}.AppStore|ARM64.Deploy.0 = Debug|Any CPU
		{455D8B94-2042-4392-81F6-BE65EF1934A8}.AppStore|iPhone.ActiveCfg = Debug|Any CPU
		{455D8B94-2042-4392-81F6-BE65EF1934A8}.AppStore|iPhone.Build.0 = Debug|Any CPU
		{455D8B94-2042-4392-81F6-BE65EF1934A8}.AppStore|iPhone.Deploy.0 = Debug|Any CPU
		{455D8B94-2042-4392-81F6-BE65EF1934A8}.AppStore|iPhoneSimulator.ActiveCfg = Debug|Any CPU
		{455D8B94-2042-4392-81F6-BE65EF1934A8}.AppStore|iPhoneSimulator.Build.0 = Debug|Any CPU
		{455D8B94-2042-4392-81F6-BE65EF1934A8}.AppStore|iPhoneSimulator.Deploy.0 = Debug|Any CPU
		{455D8B94-2042-4392-81F6-BE65EF1934A8}.AppStore|x64.ActiveCfg = Debug|Any CPU
		{455D8B94-2042-4392-81F6-BE65EF1934A8}.AppStore|x64.Build.0 = Debug|Any CPU
		{455D8B94-2042-4392-81F6-BE65EF1934A8}.AppStore|x64.Deploy.0 = Debug|Any CPU
		{455D8B94-2042-4392-81F6-BE65EF1934A8}.AppStore|x86.ActiveCfg = Debug|Any CPU
		{455D8B94-2042-4392-81F6-BE65EF1934A8}.AppStore|x86.Build.0 = Debug|Any CPU
		{455D8B94-2042-4392-81F6-BE65EF1934A8}.AppStore|x86.Deploy.0 = Debug|Any CPU
		{455D8B94-2042-4392-81F6-BE65EF1934A8}.Debug|Any CPU.ActiveCfg = Debug|Any CPU
		{455D8B94-2042-4392-81F6-BE65EF1934A8}.Debug|Any CPU.Build.0 = Debug|Any CPU
		{455D8B94-2042-4392-81F6-BE65EF1934A8}.Debug|Any CPU.Deploy.0 = Debug|Any CPU
		{455D8B94-2042-4392-81F6-BE65EF1934A8}.Debug|ARM.ActiveCfg = Debug|Any CPU
		{455D8B94-2042-4392-81F6-BE65EF1934A8}.Debug|ARM.Build.0 = Debug|Any CPU
		{455D8B94-2042-4392-81F6-BE65EF1934A8}.Debug|ARM.Deploy.0 = Debug|Any CPU
		{455D8B94-2042-4392-81F6-BE65EF1934A8}.Debug|ARM64.ActiveCfg = Debug|Any CPU
		{455D8B94-2042-4392-81F6-BE65EF1934A8}.Debug|ARM64.Build.0 = Debug|Any CPU
		{455D8B94-2042-4392-81F6-BE65EF1934A8}.Debug|ARM64.Deploy.0 = Debug|Any CPU
		{455D8B94-2042-4392-81F6-BE65EF1934A8}.Debug|iPhone.ActiveCfg = Debug|Any CPU
		{455D8B94-2042-4392-81F6-BE65EF1934A8}.Debug|iPhone.Build.0 = Debug|Any CPU
		{455D8B94-2042-4392-81F6-BE65EF1934A8}.Debug|iPhone.Deploy.0 = Debug|Any CPU
		{455D8B94-2042-4392-81F6-BE65EF1934A8}.Debug|iPhoneSimulator.ActiveCfg = Debug|Any CPU
		{455D8B94-2042-4392-81F6-BE65EF1934A8}.Debug|iPhoneSimulator.Build.0 = Debug|Any CPU
		{455D8B94-2042-4392-81F6-BE65EF1934A8}.Debug|iPhoneSimulator.Deploy.0 = Debug|Any CPU
		{455D8B94-2042-4392-81F6-BE65EF1934A8}.Debug|x64.ActiveCfg = Debug|Any CPU
		{455D8B94-2042-4392-81F6-BE65EF1934A8}.Debug|x64.Build.0 = Debug|Any CPU
		{455D8B94-2042-4392-81F6-BE65EF1934A8}.Debug|x64.Deploy.0 = Debug|Any CPU
		{455D8B94-2042-4392-81F6-BE65EF1934A8}.Debug|x86.ActiveCfg = Debug|Any CPU
		{455D8B94-2042-4392-81F6-BE65EF1934A8}.Debug|x86.Build.0 = Debug|Any CPU
		{455D8B94-2042-4392-81F6-BE65EF1934A8}.Debug|x86.Deploy.0 = Debug|Any CPU
		{455D8B94-2042-4392-81F6-BE65EF1934A8}.Release|Any CPU.ActiveCfg = Release|Any CPU
		{455D8B94-2042-4392-81F6-BE65EF1934A8}.Release|Any CPU.Build.0 = Release|Any CPU
		{455D8B94-2042-4392-81F6-BE65EF1934A8}.Release|Any CPU.Deploy.0 = Release|Any CPU
		{455D8B94-2042-4392-81F6-BE65EF1934A8}.Release|ARM.ActiveCfg = Release|Any CPU
		{455D8B94-2042-4392-81F6-BE65EF1934A8}.Release|ARM.Build.0 = Release|Any CPU
		{455D8B94-2042-4392-81F6-BE65EF1934A8}.Release|ARM.Deploy.0 = Release|Any CPU
		{455D8B94-2042-4392-81F6-BE65EF1934A8}.Release|ARM64.ActiveCfg = Release|Any CPU
		{455D8B94-2042-4392-81F6-BE65EF1934A8}.Release|ARM64.Build.0 = Release|Any CPU
		{455D8B94-2042-4392-81F6-BE65EF1934A8}.Release|ARM64.Deploy.0 = Release|Any CPU
		{455D8B94-2042-4392-81F6-BE65EF1934A8}.Release|iPhone.ActiveCfg = Release|Any CPU
		{455D8B94-2042-4392-81F6-BE65EF1934A8}.Release|iPhone.Build.0 = Release|Any CPU
		{455D8B94-2042-4392-81F6-BE65EF1934A8}.Release|iPhone.Deploy.0 = Release|Any CPU
		{455D8B94-2042-4392-81F6-BE65EF1934A8}.Release|iPhoneSimulator.ActiveCfg = Release|Any CPU
		{455D8B94-2042-4392-81F6-BE65EF1934A8}.Release|iPhoneSimulator.Build.0 = Release|Any CPU
		{455D8B94-2042-4392-81F6-BE65EF1934A8}.Release|iPhoneSimulator.Deploy.0 = Release|Any CPU
		{455D8B94-2042-4392-81F6-BE65EF1934A8}.Release|x64.ActiveCfg = Release|Any CPU
		{455D8B94-2042-4392-81F6-BE65EF1934A8}.Release|x64.Build.0 = Release|Any CPU
		{455D8B94-2042-4392-81F6-BE65EF1934A8}.Release|x64.Deploy.0 = Release|Any CPU
		{455D8B94-2042-4392-81F6-BE65EF1934A8}.Release|x86.ActiveCfg = Release|Any CPU
		{455D8B94-2042-4392-81F6-BE65EF1934A8}.Release|x86.Build.0 = Release|Any CPU
		{455D8B94-2042-4392-81F6-BE65EF1934A8}.Release|x86.Deploy.0 = Release|Any CPU
		{50F1C6A1-48C2-4291-BEB8-D480EAB0D3E2}.Ad-Hoc|Any CPU.ActiveCfg = Ad-Hoc|iPhoneSimulator
		{50F1C6A1-48C2-4291-BEB8-D480EAB0D3E2}.Ad-Hoc|ARM.ActiveCfg = Ad-Hoc|iPhoneSimulator
		{50F1C6A1-48C2-4291-BEB8-D480EAB0D3E2}.Ad-Hoc|ARM64.ActiveCfg = Ad-Hoc|iPhoneSimulator
		{50F1C6A1-48C2-4291-BEB8-D480EAB0D3E2}.Ad-Hoc|iPhone.ActiveCfg = Ad-Hoc|iPhone
		{50F1C6A1-48C2-4291-BEB8-D480EAB0D3E2}.Ad-Hoc|iPhone.Build.0 = Ad-Hoc|iPhone
		{50F1C6A1-48C2-4291-BEB8-D480EAB0D3E2}.Ad-Hoc|iPhoneSimulator.ActiveCfg = Ad-Hoc|iPhoneSimulator
		{50F1C6A1-48C2-4291-BEB8-D480EAB0D3E2}.Ad-Hoc|iPhoneSimulator.Build.0 = Ad-Hoc|iPhoneSimulator
		{50F1C6A1-48C2-4291-BEB8-D480EAB0D3E2}.Ad-Hoc|x64.ActiveCfg = Ad-Hoc|iPhoneSimulator
		{50F1C6A1-48C2-4291-BEB8-D480EAB0D3E2}.Ad-Hoc|x86.ActiveCfg = Ad-Hoc|iPhoneSimulator
		{50F1C6A1-48C2-4291-BEB8-D480EAB0D3E2}.AppStore|Any CPU.ActiveCfg = AppStore|iPhoneSimulator
		{50F1C6A1-48C2-4291-BEB8-D480EAB0D3E2}.AppStore|ARM.ActiveCfg = AppStore|iPhoneSimulator
		{50F1C6A1-48C2-4291-BEB8-D480EAB0D3E2}.AppStore|ARM64.ActiveCfg = AppStore|iPhoneSimulator
		{50F1C6A1-48C2-4291-BEB8-D480EAB0D3E2}.AppStore|iPhone.ActiveCfg = AppStore|iPhone
		{50F1C6A1-48C2-4291-BEB8-D480EAB0D3E2}.AppStore|iPhone.Build.0 = AppStore|iPhone
		{50F1C6A1-48C2-4291-BEB8-D480EAB0D3E2}.AppStore|iPhoneSimulator.ActiveCfg = AppStore|iPhoneSimulator
		{50F1C6A1-48C2-4291-BEB8-D480EAB0D3E2}.AppStore|iPhoneSimulator.Build.0 = AppStore|iPhoneSimulator
		{50F1C6A1-48C2-4291-BEB8-D480EAB0D3E2}.AppStore|x64.ActiveCfg = AppStore|iPhoneSimulator
		{50F1C6A1-48C2-4291-BEB8-D480EAB0D3E2}.AppStore|x86.ActiveCfg = AppStore|iPhoneSimulator
		{50F1C6A1-48C2-4291-BEB8-D480EAB0D3E2}.Debug|Any CPU.ActiveCfg = Debug|iPhoneSimulator
		{50F1C6A1-48C2-4291-BEB8-D480EAB0D3E2}.Debug|ARM.ActiveCfg = Debug|iPhoneSimulator
		{50F1C6A1-48C2-4291-BEB8-D480EAB0D3E2}.Debug|ARM64.ActiveCfg = Debug|iPhoneSimulator
		{50F1C6A1-48C2-4291-BEB8-D480EAB0D3E2}.Debug|iPhone.ActiveCfg = Debug|iPhone
		{50F1C6A1-48C2-4291-BEB8-D480EAB0D3E2}.Debug|iPhone.Build.0 = Debug|iPhone
		{50F1C6A1-48C2-4291-BEB8-D480EAB0D3E2}.Debug|iPhoneSimulator.ActiveCfg = Debug|iPhoneSimulator
		{50F1C6A1-48C2-4291-BEB8-D480EAB0D3E2}.Debug|iPhoneSimulator.Build.0 = Debug|iPhoneSimulator
		{50F1C6A1-48C2-4291-BEB8-D480EAB0D3E2}.Debug|x64.ActiveCfg = Debug|iPhoneSimulator
		{50F1C6A1-48C2-4291-BEB8-D480EAB0D3E2}.Debug|x86.ActiveCfg = Debug|iPhoneSimulator
		{50F1C6A1-48C2-4291-BEB8-D480EAB0D3E2}.Release|Any CPU.ActiveCfg = Release|iPhoneSimulator
		{50F1C6A1-48C2-4291-BEB8-D480EAB0D3E2}.Release|ARM.ActiveCfg = Release|iPhoneSimulator
		{50F1C6A1-48C2-4291-BEB8-D480EAB0D3E2}.Release|ARM64.ActiveCfg = Release|iPhoneSimulator
		{50F1C6A1-48C2-4291-BEB8-D480EAB0D3E2}.Release|iPhone.ActiveCfg = Release|iPhone
		{50F1C6A1-48C2-4291-BEB8-D480EAB0D3E2}.Release|iPhone.Build.0 = Release|iPhone
		{50F1C6A1-48C2-4291-BEB8-D480EAB0D3E2}.Release|iPhoneSimulator.ActiveCfg = Release|iPhoneSimulator
		{50F1C6A1-48C2-4291-BEB8-D480EAB0D3E2}.Release|iPhoneSimulator.Build.0 = Release|iPhoneSimulator
		{50F1C6A1-48C2-4291-BEB8-D480EAB0D3E2}.Release|x64.ActiveCfg = Release|iPhoneSimulator
		{50F1C6A1-48C2-4291-BEB8-D480EAB0D3E2}.Release|x86.ActiveCfg = Release|iPhoneSimulator
		{7BF88A4F-7964-401E-B468-E89FBECC1040}.Ad-Hoc|Any CPU.ActiveCfg = Debug|x86
		{7BF88A4F-7964-401E-B468-E89FBECC1040}.Ad-Hoc|Any CPU.Build.0 = Debug|x86
		{7BF88A4F-7964-401E-B468-E89FBECC1040}.Ad-Hoc|Any CPU.Deploy.0 = Debug|x86
		{7BF88A4F-7964-401E-B468-E89FBECC1040}.Ad-Hoc|ARM.ActiveCfg = Debug|ARM
		{7BF88A4F-7964-401E-B468-E89FBECC1040}.Ad-Hoc|ARM.Build.0 = Debug|ARM
		{7BF88A4F-7964-401E-B468-E89FBECC1040}.Ad-Hoc|ARM.Deploy.0 = Debug|ARM
		{7BF88A4F-7964-401E-B468-E89FBECC1040}.Ad-Hoc|ARM64.ActiveCfg = Debug|ARM64
		{7BF88A4F-7964-401E-B468-E89FBECC1040}.Ad-Hoc|ARM64.Build.0 = Debug|ARM64
		{7BF88A4F-7964-401E-B468-E89FBECC1040}.Ad-Hoc|ARM64.Deploy.0 = Debug|ARM64
		{7BF88A4F-7964-401E-B468-E89FBECC1040}.Ad-Hoc|iPhone.ActiveCfg = Debug|x86
		{7BF88A4F-7964-401E-B468-E89FBECC1040}.Ad-Hoc|iPhone.Build.0 = Debug|x86
		{7BF88A4F-7964-401E-B468-E89FBECC1040}.Ad-Hoc|iPhone.Deploy.0 = Debug|x86
		{7BF88A4F-7964-401E-B468-E89FBECC1040}.Ad-Hoc|iPhoneSimulator.ActiveCfg = Debug|x86
		{7BF88A4F-7964-401E-B468-E89FBECC1040}.Ad-Hoc|iPhoneSimulator.Build.0 = Debug|x86
		{7BF88A4F-7964-401E-B468-E89FBECC1040}.Ad-Hoc|iPhoneSimulator.Deploy.0 = Debug|x86
		{7BF88A4F-7964-401E-B468-E89FBECC1040}.Ad-Hoc|x64.ActiveCfg = Debug|x64
		{7BF88A4F-7964-401E-B468-E89FBECC1040}.Ad-Hoc|x64.Build.0 = Debug|x64
		{7BF88A4F-7964-401E-B468-E89FBECC1040}.Ad-Hoc|x64.Deploy.0 = Debug|x64
		{7BF88A4F-7964-401E-B468-E89FBECC1040}.Ad-Hoc|x86.ActiveCfg = Debug|x86
		{7BF88A4F-7964-401E-B468-E89FBECC1040}.Ad-Hoc|x86.Build.0 = Debug|x86
		{7BF88A4F-7964-401E-B468-E89FBECC1040}.Ad-Hoc|x86.Deploy.0 = Debug|x86
		{7BF88A4F-7964-401E-B468-E89FBECC1040}.AppStore|Any CPU.ActiveCfg = Debug|x86
		{7BF88A4F-7964-401E-B468-E89FBECC1040}.AppStore|Any CPU.Build.0 = Debug|x86
		{7BF88A4F-7964-401E-B468-E89FBECC1040}.AppStore|Any CPU.Deploy.0 = Debug|x86
		{7BF88A4F-7964-401E-B468-E89FBECC1040}.AppStore|ARM.ActiveCfg = Debug|ARM
		{7BF88A4F-7964-401E-B468-E89FBECC1040}.AppStore|ARM.Build.0 = Debug|ARM
		{7BF88A4F-7964-401E-B468-E89FBECC1040}.AppStore|ARM.Deploy.0 = Debug|ARM
		{7BF88A4F-7964-401E-B468-E89FBECC1040}.AppStore|ARM64.ActiveCfg = Debug|ARM64
		{7BF88A4F-7964-401E-B468-E89FBECC1040}.AppStore|ARM64.Build.0 = Debug|ARM64
		{7BF88A4F-7964-401E-B468-E89FBECC1040}.AppStore|ARM64.Deploy.0 = Debug|ARM64
		{7BF88A4F-7964-401E-B468-E89FBECC1040}.AppStore|iPhone.ActiveCfg = Debug|x86
		{7BF88A4F-7964-401E-B468-E89FBECC1040}.AppStore|iPhone.Build.0 = Debug|x86
		{7BF88A4F-7964-401E-B468-E89FBECC1040}.AppStore|iPhone.Deploy.0 = Debug|x86
		{7BF88A4F-7964-401E-B468-E89FBECC1040}.AppStore|iPhoneSimulator.ActiveCfg = Debug|x86
		{7BF88A4F-7964-401E-B468-E89FBECC1040}.AppStore|iPhoneSimulator.Build.0 = Debug|x86
		{7BF88A4F-7964-401E-B468-E89FBECC1040}.AppStore|iPhoneSimulator.Deploy.0 = Debug|x86
		{7BF88A4F-7964-401E-B468-E89FBECC1040}.AppStore|x64.ActiveCfg = Debug|x64
		{7BF88A4F-7964-401E-B468-E89FBECC1040}.AppStore|x64.Build.0 = Debug|x64
		{7BF88A4F-7964-401E-B468-E89FBECC1040}.AppStore|x64.Deploy.0 = Debug|x64
		{7BF88A4F-7964-401E-B468-E89FBECC1040}.AppStore|x86.ActiveCfg = Debug|x86
		{7BF88A4F-7964-401E-B468-E89FBECC1040}.AppStore|x86.Build.0 = Debug|x86
		{7BF88A4F-7964-401E-B468-E89FBECC1040}.AppStore|x86.Deploy.0 = Debug|x86
		{7BF88A4F-7964-401E-B468-E89FBECC1040}.Debug|Any CPU.ActiveCfg = Debug|x86
		{7BF88A4F-7964-401E-B468-E89FBECC1040}.Debug|Any CPU.Build.0 = Debug|x86
		{7BF88A4F-7964-401E-B468-E89FBECC1040}.Debug|Any CPU.Deploy.0 = Debug|x86
		{7BF88A4F-7964-401E-B468-E89FBECC1040}.Debug|ARM.ActiveCfg = Debug|ARM
		{7BF88A4F-7964-401E-B468-E89FBECC1040}.Debug|ARM.Build.0 = Debug|ARM
		{7BF88A4F-7964-401E-B468-E89FBECC1040}.Debug|ARM.Deploy.0 = Debug|ARM
		{7BF88A4F-7964-401E-B468-E89FBECC1040}.Debug|ARM64.ActiveCfg = Debug|ARM64
		{7BF88A4F-7964-401E-B468-E89FBECC1040}.Debug|ARM64.Build.0 = Debug|ARM64
		{7BF88A4F-7964-401E-B468-E89FBECC1040}.Debug|ARM64.Deploy.0 = Debug|ARM64
		{7BF88A4F-7964-401E-B468-E89FBECC1040}.Debug|iPhone.ActiveCfg = Debug|x86
		{7BF88A4F-7964-401E-B468-E89FBECC1040}.Debug|iPhoneSimulator.ActiveCfg = Debug|x86
		{7BF88A4F-7964-401E-B468-E89FBECC1040}.Debug|x64.ActiveCfg = Debug|x64
		{7BF88A4F-7964-401E-B468-E89FBECC1040}.Debug|x64.Build.0 = Debug|x64
		{7BF88A4F-7964-401E-B468-E89FBECC1040}.Debug|x64.Deploy.0 = Debug|x64
		{7BF88A4F-7964-401E-B468-E89FBECC1040}.Debug|x86.ActiveCfg = Debug|x86
		{7BF88A4F-7964-401E-B468-E89FBECC1040}.Debug|x86.Build.0 = Debug|x86
		{7BF88A4F-7964-401E-B468-E89FBECC1040}.Debug|x86.Deploy.0 = Debug|x86
		{7BF88A4F-7964-401E-B468-E89FBECC1040}.Release|Any CPU.ActiveCfg = Release|x86
		{7BF88A4F-7964-401E-B468-E89FBECC1040}.Release|ARM.ActiveCfg = Release|ARM
		{7BF88A4F-7964-401E-B468-E89FBECC1040}.Release|ARM.Build.0 = Release|ARM
		{7BF88A4F-7964-401E-B468-E89FBECC1040}.Release|ARM.Deploy.0 = Release|ARM
		{7BF88A4F-7964-401E-B468-E89FBECC1040}.Release|ARM64.ActiveCfg = Release|ARM64
		{7BF88A4F-7964-401E-B468-E89FBECC1040}.Release|ARM64.Build.0 = Release|ARM64
		{7BF88A4F-7964-401E-B468-E89FBECC1040}.Release|ARM64.Deploy.0 = Release|ARM64
		{7BF88A4F-7964-401E-B468-E89FBECC1040}.Release|iPhone.ActiveCfg = Release|x86
		{7BF88A4F-7964-401E-B468-E89FBECC1040}.Release|iPhoneSimulator.ActiveCfg = Release|x86
		{7BF88A4F-7964-401E-B468-E89FBECC1040}.Release|x64.ActiveCfg = Release|x64
		{7BF88A4F-7964-401E-B468-E89FBECC1040}.Release|x64.Build.0 = Release|x64
		{7BF88A4F-7964-401E-B468-E89FBECC1040}.Release|x64.Deploy.0 = Release|x64
		{7BF88A4F-7964-401E-B468-E89FBECC1040}.Release|x86.ActiveCfg = Release|x86
		{7BF88A4F-7964-401E-B468-E89FBECC1040}.Release|x86.Build.0 = Release|x86
		{7BF88A4F-7964-401E-B468-E89FBECC1040}.Release|x86.Deploy.0 = Release|x86
	EndGlobalSection
	GlobalSection(SolutionProperties) = preSolution
		HideSolutionNode = FALSE
	EndGlobalSection
	GlobalSection(NestedProjects) = preSolution
		{455D8B94-2042-4392-81F6-BE65EF1934A8} = {17B69A17-917C-447B-B21F-8AC7F4D4977B}
		{50F1C6A1-48C2-4291-BEB8-D480EAB0D3E2} = {17B69A17-917C-447B-B21F-8AC7F4D4977B}
		{7BF88A4F-7964-401E-B468-E89FBECC1040} = {17B69A17-917C-447B-B21F-8AC7F4D4977B}
	EndGlobalSection
	GlobalSection(ExtensibilityGlobals) = postSolution
		SolutionGuid = {64F5EF4B-CB34-4367-8A67-72275F897B7F}
	EndGlobalSection
EndGlobal
